
Microsoft Visual Studio Solution File, Format Version 12.00
# Visual Studio Version 17
VisualStudioVersion = 17.0.32126.317
MinimumVisualStudioVersion = 10.0.40219.1
Project("{FAE04EC0-301F-11D3-BF4B-00C04F79EFBC}") = "Examples.Assemblies.Plugin", "src\Examples.Assemblies.Plugin\Examples.Assemblies.Plugin.csproj", "{44A7649C-BCFF-4276-B44A-D18094BEDFDD}"
EndProject
Project("{2150E333-8FDC-42A3-9474-1A3956D46DE8}") = "Solution Items", "Solution Items", "{83FDA707-9917-4B1C-9E24-C824FA73BC69}"
	ProjectSection(SolutionItems) = preProject
		.editorconfig = .editorconfig
	EndProjectSection
EndProject
Project("{FAE04EC0-301F-11D3-BF4B-00C04F79EFBC}") = "Examples.WindowsService", "src\Examples.WindowsService\Examples.WindowsService.csproj", "{0B0BE4CA-B0CF-4DD0-A064-14B10A5CEB14}"
EndProject
Project("{FAE04EC0-301F-11D3-BF4B-00C04F79EFBC}") = "Examples.DLR", "src\Examples.DLR\Examples.DLR.csproj", "{C5E521D3-DDD8-4F94-B3B1-001271C16C91}"
EndProject
Project("{FAE04EC0-301F-11D3-BF4B-00C04F79EFBC}") = "Examples.WCF", "src\Examples.WCF\Examples.WCF.csproj", "{AD0EF12C-60F8-4A3C-AE0A-1CF10F60F22A}"
EndProject
Project("{FAE04EC0-301F-11D3-BF4B-00C04F79EFBC}") = "Examples.Assemblies", "src\Examples.Assemblies\Examples.Assemblies.csproj", "{AE531AC2-9955-47C2-8C93-7D748BF4D0D9}"
EndProject
Project("{FAE04EC0-301F-11D3-BF4B-00C04F79EFBC}") = "Examples.Assemblies.ConsoleApp", "src\Examples.Assemblies.ConsoleApp\Examples.Assemblies.ConsoleApp.csproj", "{09A52782-3716-4F1D-9569-3CDB75381B01}"
	ProjectSection(ProjectDependencies) = postProject
		{44A7649C-BCFF-4276-B44A-D18094BEDFDD} = {44A7649C-BCFF-4276-B44A-D18094BEDFDD}
	EndProjectSection
EndProject
Global
	GlobalSection(SolutionConfigurationPlatforms) = preSolution
		Debug|Any CPU = Debug|Any CPU
		Release|Any CPU = Release|Any CPU
	EndGlobalSection
	GlobalSection(ProjectConfigurationPlatforms) = postSolution
		{44A7649C-BCFF-4276-B44A-D18094BEDFDD}.Debug|Any CPU.ActiveCfg = Debug|Any CPU
		{44A7649C-BCFF-4276-B44A-D18094BEDFDD}.Debug|Any CPU.Build.0 = Debug|Any CPU
		{44A7649C-BCFF-4276-B44A-D18094BEDFDD}.Release|Any CPU.ActiveCfg = Release|Any CPU
		{44A7649C-BCFF-4276-B44A-D18094BEDFDD}.Release|Any CPU.Build.0 = Release|Any CPU
		{0B0BE4CA-B0CF-4DD0-A064-14B10A5CEB14}.Debug|Any CPU.ActiveCfg = Debug|Any CPU
		{0B0BE4CA-B0CF-4DD0-A064-14B10A5CEB14}.Debug|Any CPU.Build.0 = Debug|Any CPU
		{0B0BE4CA-B0CF-4DD0-A064-14B10A5CEB14}.Release|Any CPU.ActiveCfg = Release|Any CPU
		{0B0BE4CA-B0CF-4DD0-A064-14B10A5CEB14}.Release|Any CPU.Build.0 = Release|Any CPU
		{C5E521D3-DDD8-4F94-B3B1-001271C16C91}.Debug|Any CPU.ActiveCfg = Debug|Any CPU
		{C5E521D3-DDD8-4F94-B3B1-001271C16C91}.Debug|Any CPU.Build.0 = Debug|Any CPU
		{C5E521D3-DDD8-4F94-B3B1-001271C16C91}.Release|Any CPU.ActiveCfg = Release|Any CPU
		{C5E521D3-DDD8-4F94-B3B1-001271C16C91}.Release|Any CPU.Build.0 = Release|Any CPU
		{AD0EF12C-60F8-4A3C-AE0A-1CF10F60F22A}.Debug|Any CPU.ActiveCfg = Debug|Any CPU
		{AD0EF12C-60F8-4A3C-AE0A-1CF10F60F22A}.Debug|Any CPU.Build.0 = Debug|Any CPU
		{AD0EF12C-60F8-4A3C-AE0A-1CF10F60F22A}.Release|Any CPU.ActiveCfg = Release|Any CPU
		{AD0EF12C-60F8-4A3C-AE0A-1CF10F60F22A}.Release|Any CPU.Build.0 = Release|Any CPU
		{AE531AC2-9955-47C2-8C93-7D748BF4D0D9}.Debug|Any CPU.ActiveCfg = Debug|Any CPU
		{AE531AC2-9955-47C2-8C93-7D748BF4D0D9}.Debug|Any CPU.Build.0 = Debug|Any CPU
		{AE531AC2-9955-47C2-8C93-7D748BF4D0D9}.Release|Any CPU.ActiveCfg = Release|Any CPU
		{AE531AC2-9955-47C2-8C93-7D748BF4D0D9}.Release|Any CPU.Build.0 = Release|Any CPU
		{09A52782-3716-4F1D-9569-3CDB75381B01}.Debug|Any CPU.ActiveCfg = Debug|Any CPU
		{09A52782-3716-4F1D-9569-3CDB75381B01}.Debug|Any CPU.Build.0 = Debug|Any CPU
		{09A52782-3716-4F1D-9569-3CDB75381B01}.Release|Any CPU.ActiveCfg = Release|Any CPU
		{09A52782-3716-4F1D-9569-3CDB75381B01}.Release|Any CPU.Build.0 = Release|Any CPU
	EndGlobalSection
	GlobalSection(SolutionProperties) = preSolution
		HideSolutionNode = FALSE
	EndGlobalSection
	GlobalSection(ExtensibilityGlobals) = postSolution
		SolutionGuid = {CAE006CA-CC75-4426-A3FD-AE037E0B2E14}
	EndGlobalSection
EndGlobal
